
Microsoft Visual Studio Solution File, Format Version 12.00
# Visual Studio 15
VisualStudioVersion = 15.0.28307.329
MinimumVisualStudioVersion = 10.0.40219.1
Project("{FAE04EC0-301F-11D3-BF4B-00C04F79EFBC}") = "Project2Csharp", "Project2Csharp\Project2Csharp.csproj", "{5824262B-7972-4968-B5B6-19F67AF79BB2}"
EndProject
Global
	GlobalSection(SolutionConfigurationPlatforms) = preSolution
		Debug|Any CPU = Debug|Any CPU
		Release|Any CPU = Release|Any CPU
	EndGlobalSection
	GlobalSection(ProjectConfigurationPlatforms) = postSolution
		{5824262B-7972-4968-B5B6-19F67AF79BB2}.Debug|Any CPU.ActiveCfg = Debug|Any CPU
		{5824262B-7972-4968-B5B6-19F67AF79BB2}.Debug|Any CPU.Build.0 = Debug|Any CPU
		{5824262B-7972-4968-B5B6-19F67AF79BB2}.Release|Any CPU.ActiveCfg = Release|Any CPU
		{5824262B-7972-4968-B5B6-19F67AF79BB2}.Release|Any CPU.Build.0 = Release|Any CPU
	EndGlobalSection
	GlobalSection(SolutionProperties) = preSolution
		HideSolutionNode = FALSE
	EndGlobalSection
	GlobalSection(ExtensibilityGlobals) = postSolution
		SolutionGuid = {B8640E10-A01B-474A-AC45-1B9633D261D1}
	EndGlobalSection
EndGlobal
